
Microsoft Visual Studio Solution File, Format Version 12.00
# Visual Studio Version 17
VisualStudioVersion = 17.5.002.0
MinimumVisualStudioVersion = 10.0.40219.1
Project("{9A19103F-16F7-4668-BE54-9A1E7A4F7556}") = "DesafioProjetoHospedagem", "DesafioProjetoHospedagem.csproj", "{D8676CB3-A594-4FDE-83F9-7707D443BE24}"
EndProject
Global
	GlobalSection(SolutionConfigurationPlatforms) = preSolution
		Debug|Any CPU = Debug|Any CPU
		Release|Any CPU = Release|Any CPU
	EndGlobalSection
	GlobalSection(ProjectConfigurationPlatforms) = postSolution
		{D8676CB3-A594-4FDE-83F9-7707D443BE24}.Debug|Any CPU.ActiveCfg = Debug|Any CPU
		{D8676CB3-A594-4FDE-83F9-7707D443BE24}.Debug|Any CPU.Build.0 = Debug|Any CPU
		{D8676CB3-A594-4FDE-83F9-7707D443BE24}.Release|Any CPU.ActiveCfg = Release|Any CPU
		{D8676CB3-A594-4FDE-83F9-7707D443BE24}.Release|Any CPU.Build.0 = Release|Any CPU
	EndGlobalSection
	GlobalSection(SolutionProperties) = preSolution
		HideSolutionNode = FALSE
	EndGlobalSection
	GlobalSection(ExtensibilityGlobals) = postSolution
		SolutionGuid = {3894D51F-6186-450B-91E6-B0C65CACD580}
	EndGlobalSection
EndGlobal
